
Microsoft Visual Studio Solution File, Format Version 12.00
# Visual Studio Version 16
VisualStudioVersion = 16.0.31624.102
MinimumVisualStudioVersion = 10.0.40219.1
Project("{9A19103F-16F7-4668-BE54-9A1E7A4F7556}") = "SecureBrowser", "SecureBrowser\SecureBrowser.csproj", "{2CB2BE48-2348-4822-BDFA-B9287AE224EE}"
EndProject
Project("{9A19103F-16F7-4668-BE54-9A1E7A4F7556}") = "CollegeSecureBrowser", "CollegeSecureBrowser\CollegeSecureBrowser.csproj", "{B74D6923-FB4B-4363-A977-BE760640BBAD}"
EndProject
Project("{FAE04EC0-301F-11D3-BF4B-00C04F79EFBC}") = "AdminSecureBrowser", "AdminSecureBrowser\AdminSecureBrowser.csproj", "{926A6E81-93E0-461D-BB9D-6E09E720D2F3}"
EndProject
Global
	GlobalSection(SolutionConfigurationPlatforms) = preSolution
		Debug|Any CPU = Debug|Any CPU
		Release|Any CPU = Release|Any CPU
	EndGlobalSection
	GlobalSection(ProjectConfigurationPlatforms) = postSolution
		{2CB2BE48-2348-4822-BDFA-B9287AE224EE}.Debug|Any CPU.ActiveCfg = Debug|Any CPU
		{2CB2BE48-2348-4822-BDFA-B9287AE224EE}.Debug|Any CPU.Build.0 = Debug|Any CPU
		{2CB2BE48-2348-4822-BDFA-B9287AE224EE}.Release|Any CPU.ActiveCfg = Release|Any CPU
		{2CB2BE48-2348-4822-BDFA-B9287AE224EE}.Release|Any CPU.Build.0 = Release|Any CPU
		{B74D6923-FB4B-4363-A977-BE760640BBAD}.Debug|Any CPU.ActiveCfg = Debug|Any CPU
		{B74D6923-FB4B-4363-A977-BE760640BBAD}.Debug|Any CPU.Build.0 = Debug|Any CPU
		{B74D6923-FB4B-4363-A977-BE760640BBAD}.Release|Any CPU.ActiveCfg = Release|Any CPU
		{B74D6923-FB4B-4363-A977-BE760640BBAD}.Release|Any CPU.Build.0 = Release|Any CPU
		{926A6E81-93E0-461D-BB9D-6E09E720D2F3}.Debug|Any CPU.ActiveCfg = Debug|Any CPU
		{926A6E81-93E0-461D-BB9D-6E09E720D2F3}.Debug|Any CPU.Build.0 = Debug|Any CPU
		{926A6E81-93E0-461D-BB9D-6E09E720D2F3}.Release|Any CPU.ActiveCfg = Release|Any CPU
		{926A6E81-93E0-461D-BB9D-6E09E720D2F3}.Release|Any CPU.Build.0 = Release|Any CPU
	EndGlobalSection
	GlobalSection(SolutionProperties) = preSolution
		HideSolutionNode = FALSE
	EndGlobalSection
	GlobalSection(ExtensibilityGlobals) = postSolution
		SolutionGuid = {FD9E465F-F883-4280-9336-DEE89A7015A1}
	EndGlobalSection
EndGlobal
